
Microsoft Visual Studio Solution File, Format Version 12.00
# Visual Studio Version 16
VisualStudioVersion = 16.0.31005.135
MinimumVisualStudioVersion = 10.0.40219.1
Project("{FAE04EC0-301F-11D3-BF4B-00C04F79EFBC}") = "WPFDataBindingFromTheVeryBeginning", "WPFDataBindingFromTheVeryBeginning.csproj", "{6277D5CA-AE8D-4396-909E-8CA14A5E9ED5}"
EndProject
Global
	GlobalSection(SolutionConfigurationPlatforms) = preSolution
		Debug|Any CPU = Debug|Any CPU
		Release|Any CPU = Release|Any CPU
	EndGlobalSection
	GlobalSection(ProjectConfigurationPlatforms) = postSolution
		{6277D5CA-AE8D-4396-909E-8CA14A5E9ED5}.Debug|Any CPU.ActiveCfg = Debug|Any CPU
		{6277D5CA-AE8D-4396-909E-8CA14A5E9ED5}.Debug|Any CPU.Build.0 = Debug|Any CPU
		{6277D5CA-AE8D-4396-909E-8CA14A5E9ED5}.Release|Any CPU.ActiveCfg = Release|Any CPU
		{6277D5CA-AE8D-4396-909E-8CA14A5E9ED5}.Release|Any CPU.Build.0 = Release|Any CPU
	EndGlobalSection
	GlobalSection(SolutionProperties) = preSolution
		HideSolutionNode = FALSE
	EndGlobalSection
	GlobalSection(ExtensibilityGlobals) = postSolution
		SolutionGuid = {01435FF6-80F4-47E9-AB22-2154CF4E0E70}
	EndGlobalSection
EndGlobal
